
Microsoft Visual Studio Solution File, Format Version 12.00
# Visual Studio Version 16
VisualStudioVersion = 16.0.30907.101
MinimumVisualStudioVersion = 10.0.40219.1
Project("{9A19103F-16F7-4668-BE54-9A1E7A4F7556}") = "Airslip.Common.Contracts", "Airslip.Common.Contracts\Airslip.Common.Contracts.csproj", "{FB515537-B526-42C8-829C-5D0F1E4AC56D}"
EndProject
Project("{9A19103F-16F7-4668-BE54-9A1E7A4F7556}") = "Airslip.Common.Types", "Airslip.Common.Types\Airslip.Common.Types.csproj", "{36E24D26-895B-40D4-83C9-14ADE029B6D8}"
EndProject
Project("{FAE04EC0-301F-11D3-BF4B-00C04F79EFBC}") = "Airslip.Common.Types.Tests", "Airslip.Common.Types.Tests\Airslip.Common.Types.Tests.csproj", "{5138C4B6-3575-4963-BBD3-F33C69B0B439}"
EndProject
Project("{2150E333-8FDC-42A3-9474-1A3956D46DE8}") = "Solution Items", "Solution Items", "{D2B91878-DECA-48B2-BB8E-7775CAF89C2D}"
ProjectSection(SolutionItems) = preProject
	common.props = common.props
	.editorconfig = .editorconfig
EndProjectSection
EndProject
Project("{FAE04EC0-301F-11D3-BF4B-00C04F79EFBC}") = "Airslip.Common.Monitoring", "Airslip.Common.Monitoring\Airslip.Common.Monitoring.csproj", "{32A1B61A-0FE8-4CB6-95DE-FEF9EA100E28}"
EndProject
Project("{FAE04EC0-301F-11D3-BF4B-00C04F79EFBC}") = "Airslip.Common.Auth", "Airslip.Common.Auth\Airslip.Common.Auth.csproj", "{444D3E44-73A8-4FB2-B799-348BA5BA5A7D}"
EndProject
Project("{FAE04EC0-301F-11D3-BF4B-00C04F79EFBC}") = "Airslip.Common.Middleware", "Airslip.Common.Middleware\Airslip.Common.Middleware.csproj", "{60F12362-86CD-4CB5-AF69-673D348C5962}"
EndProject
Project("{FAE04EC0-301F-11D3-BF4B-00C04F79EFBC}") = "Airslip.Common.Auth.UnitTests", "Airslip.Common.Auth.UnitTests\Airslip.Common.Auth.UnitTests.csproj", "{D9A821F0-567C-4D80-863F-4784A6AED68C}"
EndProject
Project("{FAE04EC0-301F-11D3-BF4B-00C04F79EFBC}") = "Airslip.Common.Repository", "Airslip.Common.Repository\Airslip.Common.Repository.csproj", "{1BB253CC-245F-49B2-B38B-28469D0168B9}"
EndProject
Project("{FAE04EC0-301F-11D3-BF4B-00C04F79EFBC}") = "Airslip.Common.Services.AutoMapper", "Airslip.Common.Services.AutoMapper\Airslip.Common.Services.AutoMapper.csproj", "{EBBB9BF6-BCCF-4900-A695-9CAED999931B}"
EndProject
Project("{FAE04EC0-301F-11D3-BF4B-00C04F79EFBC}") = "Airslip.Common.Notifications", "Airslip.Common.Notifications\Airslip.Common.Notifications.csproj", "{4B38C98C-CBD2-4B5F-978D-86EE4CA0DD59}"
EndProject
Global
	GlobalSection(SolutionConfigurationPlatforms) = preSolution
		Debug|Any CPU = Debug|Any CPU
		Release|Any CPU = Release|Any CPU
	EndGlobalSection
	GlobalSection(ProjectConfigurationPlatforms) = postSolution
		{FB515537-B526-42C8-829C-5D0F1E4AC56D}.Debug|Any CPU.ActiveCfg = Debug|Any CPU
		{FB515537-B526-42C8-829C-5D0F1E4AC56D}.Debug|Any CPU.Build.0 = Debug|Any CPU
		{FB515537-B526-42C8-829C-5D0F1E4AC56D}.Release|Any CPU.ActiveCfg = Release|Any CPU
		{FB515537-B526-42C8-829C-5D0F1E4AC56D}.Release|Any CPU.Build.0 = Release|Any CPU
		{36E24D26-895B-40D4-83C9-14ADE029B6D8}.Debug|Any CPU.ActiveCfg = Debug|Any CPU
		{36E24D26-895B-40D4-83C9-14ADE029B6D8}.Debug|Any CPU.Build.0 = Debug|Any CPU
		{36E24D26-895B-40D4-83C9-14ADE029B6D8}.Release|Any CPU.ActiveCfg = Release|Any CPU
		{36E24D26-895B-40D4-83C9-14ADE029B6D8}.Release|Any CPU.Build.0 = Release|Any CPU
		{5138C4B6-3575-4963-BBD3-F33C69B0B439}.Debug|Any CPU.ActiveCfg = Debug|Any CPU
		{5138C4B6-3575-4963-BBD3-F33C69B0B439}.Debug|Any CPU.Build.0 = Debug|Any CPU
		{5138C4B6-3575-4963-BBD3-F33C69B0B439}.Release|Any CPU.ActiveCfg = Release|Any CPU
		{5138C4B6-3575-4963-BBD3-F33C69B0B439}.Release|Any CPU.Build.0 = Release|Any CPU
		{32A1B61A-0FE8-4CB6-95DE-FEF9EA100E28}.Debug|Any CPU.ActiveCfg = Debug|Any CPU
		{32A1B61A-0FE8-4CB6-95DE-FEF9EA100E28}.Debug|Any CPU.Build.0 = Debug|Any CPU
		{32A1B61A-0FE8-4CB6-95DE-FEF9EA100E28}.Release|Any CPU.ActiveCfg = Release|Any CPU
		{32A1B61A-0FE8-4CB6-95DE-FEF9EA100E28}.Release|Any CPU.Build.0 = Release|Any CPU
		{444D3E44-73A8-4FB2-B799-348BA5BA5A7D}.Debug|Any CPU.ActiveCfg = Debug|Any CPU
		{444D3E44-73A8-4FB2-B799-348BA5BA5A7D}.Debug|Any CPU.Build.0 = Debug|Any CPU
		{444D3E44-73A8-4FB2-B799-348BA5BA5A7D}.Release|Any CPU.ActiveCfg = Release|Any CPU
		{444D3E44-73A8-4FB2-B799-348BA5BA5A7D}.Release|Any CPU.Build.0 = Release|Any CPU
		{60F12362-86CD-4CB5-AF69-673D348C5962}.Debug|Any CPU.ActiveCfg = Debug|Any CPU
		{60F12362-86CD-4CB5-AF69-673D348C5962}.Debug|Any CPU.Build.0 = Debug|Any CPU
		{60F12362-86CD-4CB5-AF69-673D348C5962}.Release|Any CPU.ActiveCfg = Release|Any CPU
		{60F12362-86CD-4CB5-AF69-673D348C5962}.Release|Any CPU.Build.0 = Release|Any CPU
		{D9A821F0-567C-4D80-863F-4784A6AED68C}.Debug|Any CPU.ActiveCfg = Debug|Any CPU
		{D9A821F0-567C-4D80-863F-4784A6AED68C}.Debug|Any CPU.Build.0 = Debug|Any CPU
		{D9A821F0-567C-4D80-863F-4784A6AED68C}.Release|Any CPU.ActiveCfg = Release|Any CPU
		{D9A821F0-567C-4D80-863F-4784A6AED68C}.Release|Any CPU.Build.0 = Release|Any CPU
		{1BB253CC-245F-49B2-B38B-28469D0168B9}.Debug|Any CPU.ActiveCfg = Debug|Any CPU
		{1BB253CC-245F-49B2-B38B-28469D0168B9}.Debug|Any CPU.Build.0 = Debug|Any CPU
		{1BB253CC-245F-49B2-B38B-28469D0168B9}.Release|Any CPU.ActiveCfg = Release|Any CPU
		{1BB253CC-245F-49B2-B38B-28469D0168B9}.Release|Any CPU.Build.0 = Release|Any CPU
		{EBBB9BF6-BCCF-4900-A695-9CAED999931B}.Debug|Any CPU.ActiveCfg = Debug|Any CPU
		{EBBB9BF6-BCCF-4900-A695-9CAED999931B}.Debug|Any CPU.Build.0 = Debug|Any CPU
		{EBBB9BF6-BCCF-4900-A695-9CAED999931B}.Release|Any CPU.ActiveCfg = Release|Any CPU
		{EBBB9BF6-BCCF-4900-A695-9CAED999931B}.Release|Any CPU.Build.0 = Release|Any CPU
		{4B38C98C-CBD2-4B5F-978D-86EE4CA0DD59}.Debug|Any CPU.ActiveCfg = Debug|Any CPU
		{4B38C98C-CBD2-4B5F-978D-86EE4CA0DD59}.Debug|Any CPU.Build.0 = Debug|Any CPU
		{4B38C98C-CBD2-4B5F-978D-86EE4CA0DD59}.Release|Any CPU.ActiveCfg = Release|Any CPU
		{4B38C98C-CBD2-4B5F-978D-86EE4CA0DD59}.Release|Any CPU.Build.0 = Release|Any CPU
	EndGlobalSection
	GlobalSection(SolutionProperties) = preSolution
		HideSolutionNode = FALSE
	EndGlobalSection
	GlobalSection(ExtensibilityGlobals) = postSolution
		SolutionGuid = {889D1D99-5F18-47B5-85E5-E5673F23A8F8}
	EndGlobalSection
EndGlobal
